
Microsoft Visual Studio Solution File, Format Version 12.00
# Visual Studio Version 17
VisualStudioVersion = 17.3.32929.385
MinimumVisualStudioVersion = 10.0.40219.1
Project("{FAE04EC0-301F-11D3-BF4B-00C04F79EFBC}") = "Pokemon-Typing", "Pokemon-Typing.csproj", "{3FC30D2A-184C-4B99-BD9A-EF3D51D78605}"
EndProject
Global
	GlobalSection(SolutionConfigurationPlatforms) = preSolution
		Debug|Any CPU = Debug|Any CPU
		Release|Any CPU = Release|Any CPU
	EndGlobalSection
	GlobalSection(ProjectConfigurationPlatforms) = postSolution
		{3FC30D2A-184C-4B99-BD9A-EF3D51D78605}.Debug|Any CPU.ActiveCfg = Debug|Any CPU
		{3FC30D2A-184C-4B99-BD9A-EF3D51D78605}.Debug|Any CPU.Build.0 = Debug|Any CPU
		{3FC30D2A-184C-4B99-BD9A-EF3D51D78605}.Release|Any CPU.ActiveCfg = Release|Any CPU
		{3FC30D2A-184C-4B99-BD9A-EF3D51D78605}.Release|Any CPU.Build.0 = Release|Any CPU
	EndGlobalSection
	GlobalSection(SolutionProperties) = preSolution
		HideSolutionNode = FALSE
	EndGlobalSection
	GlobalSection(ExtensibilityGlobals) = postSolution
		SolutionGuid = {828B919B-DA8D-45F6-B271-6303BC3225A1}
	EndGlobalSection
EndGlobal
